
Microsoft Visual Studio Solution File, Format Version 12.00
# Visual Studio Version 16
VisualStudioVersion = 16.0.32126.315
MinimumVisualStudioVersion = 10.0.40219.1
Project("{FAE04EC0-301F-11D3-BF4B-00C04F79EFBC}") = "BankConsoleApp", "BankConsoleApp\BankConsoleApp.csproj", "{ACCB485C-BB91-46E5-966B-DC1B91FD01AE}"
EndProject
Global
	GlobalSection(SolutionConfigurationPlatforms) = preSolution
		Debug|Any CPU = Debug|Any CPU
		Release|Any CPU = Release|Any CPU
	EndGlobalSection
	GlobalSection(ProjectConfigurationPlatforms) = postSolution
		{ACCB485C-BB91-46E5-966B-DC1B91FD01AE}.Debug|Any CPU.ActiveCfg = Debug|Any CPU
		{ACCB485C-BB91-46E5-966B-DC1B91FD01AE}.Debug|Any CPU.Build.0 = Debug|Any CPU
		{ACCB485C-BB91-46E5-966B-DC1B91FD01AE}.Release|Any CPU.ActiveCfg = Release|Any CPU
		{ACCB485C-BB91-46E5-966B-DC1B91FD01AE}.Release|Any CPU.Build.0 = Release|Any CPU
	EndGlobalSection
	GlobalSection(SolutionProperties) = preSolution
		HideSolutionNode = FALSE
	EndGlobalSection
	GlobalSection(ExtensibilityGlobals) = postSolution
		SolutionGuid = {125E48CF-0C83-48DD-9AFC-37898CB458E7}
	EndGlobalSection
EndGlobal
